// !$*UTF8*$!
{
	archiveVersion = 1;
	classes = {
	};
	objectVersion = 56;
	objects = {

/* Begin PBXBuildFile section */
		02BC570F29AA2D2E00DD0BF7 /* AppDelegate.swift in Sources */ = {isa = PBXBuildFile; fileRef = 02BC570E29AA2D2E00DD0BF7 /* AppDelegate.swift */; };
		02BC571129AA2D2E00DD0BF7 /* SceneDelegate.swift in Sources */ = {isa = PBXBuildFile; fileRef = 02BC571029AA2D2E00DD0BF7 /* SceneDelegate.swift */; };
		02BC571329AA2D2E00DD0BF7 /* ViewController.swift in Sources */ = {isa = PBXBuildFile; fileRef = 02BC571229AA2D2E00DD0BF7 /* ViewController.swift */; };
		02BC571629AA2D2E00DD0BF7 /* Main.storyboard in Resources */ = {isa = PBXBuildFile; fileRef = 02BC571429AA2D2E00DD0BF7 /* Main.storyboard */; };
		02BC571929AA2D2E00DD0BF7 /* First_Core_Data_App.xcdatamodeld in Sources */ = {isa = PBXBuildFile; fileRef = 02BC571729AA2D2E00DD0BF7 /* First_Core_Data_App.xcdatamodeld */; };
		02BC571B29AA2D3600DD0BF7 /* Assets.xcassets in Resources */ = {isa = PBXBuildFile; fileRef = 02BC571A29AA2D3600DD0BF7 /* Assets.xcassets */; };
		02BC571E29AA2D3600DD0BF7 /* LaunchScreen.storyboard in Resources */ = {isa = PBXBuildFile; fileRef = 02BC571C29AA2D3600DD0BF7 /* LaunchScreen.storyboard */; };
		02BC572929AA333900DD0BF7 /* UITableViewCell+ReuseIdentifier.swift in Sources */ = {isa = PBXBuildFile; fileRef = 02BC572829AA333900DD0BF7 /* UITableViewCell+ReuseIdentifier.swift */; };
/* End PBXBuildFile section */

/* Begin PBXFileReference section */
		02BC570B29AA2D2E00DD0BF7 /* First Core Data App.app */ = {isa = PBXFileReference; explicitFileType = wrapper.application; includeInIndex = 0; path = "First Core Data App.app"; sourceTree = BUILT_PRODUCTS_DIR; };
		02BC570E29AA2D2E00DD0BF7 /* AppDelegate.swift */ = {isa = PBXFileReference; lastKnownFileType = sourcecode.swift; path = AppDelegate.swift; sourceTree = "<group>"; };
		02BC571029AA2D2E00DD0BF7 /* SceneDelegate.swift */ = {isa = PBXFileReference; lastKnownFileType = sourcecode.swift; path = SceneDelegate.swift; sourceTree = "<group>"; };
		02BC571229AA2D2E00DD0BF7 /* ViewController.swift */ = {isa = PBXFileReference; lastKnownFileType = sourcecode.swift; path = ViewController.swift; sourceTree = "<group>"; };
		02BC571529AA2D2E00DD0BF7 /* Base */ = {isa = PBXFileReference; lastKnownFileType = file.storyboard; name = Base; path = Base.lproj/Main.storyboard; sourceTree = "<group>"; };
		02BC571829AA2D2E00DD0BF7 /* First_Core_Data_App.xcdatamodel */ = {isa = PBXFileReference; lastKnownFileType = wrapper.xcdatamodel; path = First_Core_Data_App.xcdatamodel; sourceTree = "<group>"; };
		02BC571A29AA2D3600DD0BF7 /* Assets.xcassets */ = {isa = PBXFileReference; lastKnownFileType = folder.assetcatalog; path = Assets.xcassets; sourceTree = "<group>"; };
		02BC571D29AA2D3600DD0BF7 /* Base */ = {isa = PBXFileReference; lastKnownFileType = file.storyboard; name = Base; path = Base.lproj/LaunchScreen.storyboard; sourceTree = "<group>"; };
		02BC571F29AA2D3600DD0BF7 /* Info.plist */ = {isa = PBXFileReference; lastKnownFileType = text.plist.xml; path = Info.plist; sourceTree = "<group>"; };
		02BC572829AA333900DD0BF7 /* UITableViewCell+ReuseIdentifier.swift */ = {isa = PBXFileReference; fileEncoding = 4; lastKnownFileType = sourcecode.swift; path = "UITableViewCell+ReuseIdentifier.swift"; sourceTree = "<group>"; };
/* End PBXFileReference section */

/* Begin PBXFrameworksBuildPhase section */
		02BC570829AA2D2E00DD0BF7 /* Frameworks */ = {
			isa = PBXFrameworksBuildPhase;
			buildActionMask = 2147483647;
			files = (
			);
			runOnlyForDeploymentPostprocessing = 0;
		};
/* End PBXFrameworksBuildPhase section */

/* Begin PBXGroup section */
		02BC570229AA2D2D00DD0BF7 = {
			isa = PBXGroup;
			children = (
				02BC570D29AA2D2E00DD0BF7 /* First Core Data App */,
				02BC570C29AA2D2E00DD0BF7 /* Products */,
			);
			sourceTree = "<group>";
		};
		02BC570C29AA2D2E00DD0BF7 /* Products */ = {
			isa = PBXGroup;
			children = (
				02BC570B29AA2D2E00DD0BF7 /* First Core Data App.app */,
			);
			name = Products;
			sourceTree = "<group>";
		};
		02BC570D29AA2D2E00DD0BF7 /* First Core Data App */ = {
			isa = PBXGroup;
			children = (
				02BC572729AA333900DD0BF7 /* Extensions */,
				02BC570E29AA2D2E00DD0BF7 /* AppDelegate.swift */,
				02BC571029AA2D2E00DD0BF7 /* SceneDelegate.swift */,
				02BC571229AA2D2E00DD0BF7 /* ViewController.swift */,
				02BC571429AA2D2E00DD0BF7 /* Main.storyboard */,
				02BC571A29AA2D3600DD0BF7 /* Assets.xcassets */,
				02BC571C29AA2D3600DD0BF7 /* LaunchScreen.storyboard */,
				02BC571F29AA2D3600DD0BF7 /* Info.plist */,
				02BC571729AA2D2E00DD0BF7 /* First_Core_Data_App.xcdatamodeld */,
			);
			path = "First Core Data App";
			sourceTree = "<group>";
		};
		02BC572729AA333900DD0BF7 /* Extensions */ = {
			isa = PBXGroup;
			children = (
				02BC572829AA333900DD0BF7 /* UITableViewCell+ReuseIdentifier.swift */,
			);
			path = Extensions;
			sourceTree = "<group>";
		};
/* End PBXGroup section */

/* Begin PBXNativeTarget section */
		02BC570A29AA2D2E00DD0BF7 /* First Core Data App */ = {
			isa = PBXNativeTarget;
			buildConfigurationList = 02BC572229AA2D3600DD0BF7 /* Build configuration list for PBXNativeTarget "First Core Data App" */;
			buildPhases = (
				02BC570729AA2D2E00DD0BF7 /* Sources */,
				02BC570829AA2D2E00DD0BF7 /* Frameworks */,
				02BC570929AA2D2E00DD0BF7 /* Resources */,
			);
			buildRules = (
			);
			dependencies = (
			);
			name = "First Core Data App";
			productName = "First Core Data App";
			productReference = 02BC570B29AA2D2E00DD0BF7 /* First Core Data App.app */;
			productType = "com.apple.product-type.application";
		};
/* End PBXNativeTarget section */

/* Begin PBXProject section */
		02BC570329AA2D2D00DD0BF7 /* Project object */ = {
			isa = PBXProject;
			attributes = {
				BuildIndependentTargetsInParallel = 1;
				LastSwiftUpdateCheck = 1420;
				LastUpgradeCheck = 1420;
				TargetAttributes = {
					02BC570A29AA2D2E00DD0BF7 = {
						CreatedOnToolsVersion = 14.2;
					};
				};
			};
			buildConfigurationList = 02BC570629AA2D2D00DD0BF7 /* Build configuration list for PBXProject "First Core Data App" */;
			compatibilityVersion = "Xcode 14.0";
			developmentRegion = en;
			hasScannedForEncodings = 0;
			knownRegions = (
				en,
				Base,
			);
			mainGroup = 02BC570229AA2D2D00DD0BF7;
			productRefGroup = 02BC570C29AA2D2E00DD0BF7 /* Products */;
			projectDirPath = "";
			projectRoot = "";
			targets = (
				02BC570A29AA2D2E00DD0BF7 /* First Core Data App */,
			);
		};
/* End PBXProject section */

/* Begin PBXResourcesBuildPhase section */
		02BC570929AA2D2E00DD0BF7 /* Resources */ = {
			isa = PBXResourcesBuildPhase;
			buildActionMask = 2147483647;
			files = (
				02BC571E29AA2D3600DD0BF7 /* LaunchScreen.storyboard in Resources */,
				02BC571B29AA2D3600DD0BF7 /* Assets.xcassets in Resources */,
				02BC571629AA2D2E00DD0BF7 /* Main.storyboard in Resources */,
			);
			runOnlyForDeploymentPostprocessing = 0;
		};
/* End PBXResourcesBuildPhase section */

/* Begin PBXSourcesBuildPhase section */
		02BC570729AA2D2E00DD0BF7 /* Sources */ = {
			isa = PBXSourcesBuildPhase;
			buildActionMask = 2147483647;
			files = (
				02BC572929AA333900DD0BF7 /* UITableViewCell+ReuseIdentifier.swift in Sources */,
				02BC571329AA2D2E00DD0BF7 /* ViewController.swift in Sources */,
				02BC570F29AA2D2E00DD0BF7 /* AppDelegate.swift in Sources */,
				02BC571929AA2D2E00DD0BF7 /* First_Core_Data_App.xcdatamodeld in Sources */,
				02BC571129AA2D2E00DD0BF7 /* SceneDelegate.swift in Sources */,
			);
			runOnlyForDeploymentPostprocessing = 0;
		};
/* End PBXSourcesBuildPhase section */

/* Begin PBXVariantGroup section */
		02BC571429AA2D2E00DD0BF7 /* Main.storyboard */ = {
			isa = PBXVariantGroup;
			children = (
				02BC571529AA2D2E00DD0BF7 /* Base */,
			);
			name = Main.storyboard;
			sourceTree = "<group>";
		};
		02BC571C29AA2D3600DD0BF7 /* LaunchScreen.storyboard */ = {
			isa = PBXVariantGroup;
			children = (
				02BC571D29AA2D3600DD0BF7 /* Base */,
			);
			name = LaunchScreen.storyboard;
			sourceTree = "<group>";
		};
/* End PBXVariantGroup section */

/* Begin XCBuildConfiguration section */
		02BC572029AA2D3600DD0BF7 /* Debug */ = {
			isa = XCBuildConfiguration;
			buildSettings = {
				ALWAYS_SEARCH_USER_PATHS = NO;
				CLANG_ANALYZER_NONNULL = YES;
				CLANG_ANALYZER_NUMBER_OBJECT_CONVERSION = YES_AGGRESSIVE;
				CLANG_CXX_LANGUAGE_STANDARD = "gnu++20";
				CLANG_ENABLE_MODULES = YES;
				CLANG_ENABLE_OBJC_ARC = YES;
				CLANG_ENABLE_OBJC_WEAK = YES;
				CLANG_WARN_BLOCK_CAPTURE_AUTORELEASING = YES;
				CLANG_WARN_BOOL_CONVERSION = YES;
				CLANG_WARN_COMMA = YES;
				CLANG_WARN_CONSTANT_CONVERSION = YES;
				CLANG_WARN_DEPRECATED_OBJC_IMPLEMENTATIONS = YES;
				CLANG_WARN_DIRECT_OBJC_ISA_USAGE = YES_ERROR;
				CLANG_WARN_DOCUMENTATION_COMMENTS = YES;
				CLANG_WARN_EMPTY_BODY = YES;
				CLANG_WARN_ENUM_CONVERSION = YES;
				CLANG_WARN_INFINITE_RECURSION = YES;
				CLANG_WARN_INT_CONVERSION = YES;
				CLANG_WARN_NON_LITERAL_NULL_CONVERSION = YES;
				CLANG_WARN_OBJC_IMPLICIT_RETAIN_SELF = YES;
				CLANG_WARN_OBJC_LITERAL_CONVERSION = YES;
				CLANG_WARN_OBJC_ROOT_CLASS = YES_ERROR;
				CLANG_WARN_QUOTED_INCLUDE_IN_FRAMEWORK_HEADER = YES;
				CLANG_WARN_RANGE_LOOP_ANALYSIS = YES;
				CLANG_WARN_STRICT_PROTOTYPES = YES;
				CLANG_WARN_SUSPICIOUS_MOVE = YES;
				CLANG_WARN_UNGUARDED_AVAILABILITY = YES_AGGRESSIVE;
				CLANG_WARN_UNREACHABLE_CODE = YES;
				CLANG_WARN__DUPLICATE_METHOD_MATCH = YES;
				COPY_PHASE_STRIP = NO;
				DEBUG_INFORMATION_FORMAT = dwarf;
				ENABLE_STRICT_OBJC_MSGSEND = YES;
				ENABLE_TESTABILITY = YES;
				GCC_C_LANGUAGE_STANDARD = gnu11;
				GCC_DYNAMIC_NO_PIC = NO;
				GCC_NO_COMMON_BLOCKS = YES;
				GCC_OPTIMIZATION_LEVEL = 0;
				GCC_PREPROCESSOR_DEFINITIONS = (
					"DEBUG=1",
					"$(inherited)",
				);
				GCC_WARN_64_TO_32_BIT_CONVERSION = YES;
				GCC_WARN_ABOUT_RETURN_TYPE = YES_ERROR;
				GCC_WARN_UNDECLARED_SELECTOR = YES;
				GCC_WARN_UNINITIALIZED_AUTOS = YES_AGGRESSIVE;
				GCC_WARN_UNUSED_FUNCTION = YES;
				GCC_WARN_UNUSED_VARIABLE = YES;
				IPHONEOS_DEPLOYMENT_TARGET = 16.2;
				MTL_ENABLE_DEBUG_INFO = INCLUDE_SOURCE;
				MTL_FAST_MATH = YES;
				ONLY_ACTIVE_ARCH = YES;
				SDKROOT = iphoneos;
				SWIFT_ACTIVE_COMPILATION_CONDITIONS = DEBUG;
				SWIFT_OPTIMIZATION_LEVEL = "-Onone";
			};
			name = Debug;
		};
		02BC572129AA2D3600DD0BF7 /* Release */ = {
			isa = XCBuildConfiguration;
			buildSettings = {
				ALWAYS_SEARCH_USER_PATHS = NO;
				CLANG_ANALYZER_NONNULL = YES;
				CLANG_ANALYZER_NUMBER_OBJECT_CONVERSION = YES_AGGRESSIVE;
				CLANG_CXX_LANGUAGE_STANDARD = "gnu++20";
				CLANG_ENABLE_MODULES = YES;
				CLANG_ENABLE_OBJC_ARC = YES;
				CLANG_ENABLE_OBJC_WEAK = YES;
				CLANG_WARN_BLOCK_CAPTURE_AUTORELEASING = YES;
				CLANG_WARN_BOOL_CONVERSION = YES;
				CLANG_WARN_COMMA = YES;
				CLANG_WARN_CONSTANT_CONVERSION = YES;
				CLANG_WARN_DEPRECATED_OBJC_IMPLEMENTATIONS = YES;
				CLANG_WARN_DIRECT_OBJC_ISA_USAGE = YES_ERROR;
				CLANG_WARN_DOCUMENTATION_COMMENTS = YES;
				CLANG_WARN_EMPTY_BODY = YES;
				CLANG_WARN_ENUM_CONVERSION = YES;
				CLANG_WARN_INFINITE_RECURSION = YES;
				CLANG_WARN_INT_CONVERSION = YES;
				CLANG_WARN_NON_LITERAL_NULL_CONVERSION = YES;
				CLANG_WARN_OBJC_IMPLICIT_RETAIN_SELF = YES;
				CLANG_WARN_OBJC_LITERAL_CONVERSION = YES;
				CLANG_WARN_OBJC_ROOT_CLASS = YES_ERROR;
				CLANG_WARN_QUOTED_INCLUDE_IN_FRAMEWORK_HEADER = YES;
				CLANG_WARN_RANGE_LOOP_ANALYSIS = YES;
				CLANG_WARN_STRICT_PROTOTYPES = YES;
				CLANG_WARN_SUSPICIOUS_MOVE = YES;
				CLANG_WARN_UNGUARDED_AVAILABILITY = YES_AGGRESSIVE;
				CLANG_WARN_UNREACHABLE_CODE = YES;
				CLANG_WARN__DUPLICATE_METHOD_MATCH = YES;
				COPY_PHASE_STRIP = NO;
				DEBUG_INFORMATION_FORMAT = "dwarf-with-dsym";
				ENABLE_NS_ASSERTIONS = NO;
				ENABLE_STRICT_OBJC_MSGSEND = YES;
				GCC_C_LANGUAGE_STANDARD = gnu11;
				GCC_NO_COMMON_BLOCKS = YES;
				GCC_WARN_64_TO_32_BIT_CONVERSION = YES;
				GCC_WARN_ABOUT_RETURN_TYPE = YES_ERROR;
				GCC_WARN_UNDECLARED_SELECTOR = YES;
				GCC_WARN_UNINITIALIZED_AUTOS = YES_AGGRESSIVE;
				GCC_WARN_UNUSED_FUNCTION = YES;
				GCC_WARN_UNUSED_VARIABLE = YES;
				IPHONEOS_DEPLOYMENT_TARGET = 16.2;
				MTL_ENABLE_DEBUG_INFO = NO;
				MTL_FAST_MATH = YES;
				SDKROOT = iphoneos;
				SWIFT_COMPILATION_MODE = wholemodule;
				SWIFT_OPTIMIZATION_LEVEL = "-O";
				VALIDATE_PRODUCT = YES;
			};
			name = Release;
		};
		02BC572329AA2D3600DD0BF7 /* Debug */ = {
			isa = XCBuildConfiguration;
			buildSettings = {
				ASSETCATALOG_COMPILER_APPICON_NAME = AppIcon;
				ASSETCATALOG_COMPILER_GLOBAL_ACCENT_COLOR_NAME = AccentColor;
				CODE_SIGN_STYLE = Automatic;
				CURRENT_PROJECT_VERSION = 1;
				DEVELOPMENT_TEAM = 3LN657D9A9;
				GENERATE_INFOPLIST_FILE = YES;
				INFOPLIST_FILE = "First Core Data App/Info.plist";
				INFOPLIST_KEY_UIApplicationSupportsIndirectInputEvents = YES;
				INFOPLIST_KEY_UILaunchStoryboardName = LaunchScreen;
				INFOPLIST_KEY_UIMainStoryboardFile = Main;
				INFOPLIST_KEY_UISupportedInterfaceOrientations_iPad = "UIInterfaceOrientationPortrait UIInterfaceOrientationPortraitUpsideDown UIInterfaceOrientationLandscapeLeft UIInterfaceOrientationLandscapeRight";
				INFOPLIST_KEY_UISupportedInterfaceOrientations_iPhone = "UIInterfaceOrientationPortrait UIInterfaceOrientationLandscapeLeft UIInterfaceOrientationLandscapeRight";
				LD_RUNPATH_SEARCH_PATHS = (
					"$(inherited)",
					"@executable_path/Frameworks",
				);
				MARKETING_VERSION = 1.0;
				PRODUCT_BUNDLE_IDENTIFIER = "com.spreys.First-Core-Data-App";
				PRODUCT_NAME = "$(TARGET_NAME)";
				SWIFT_EMIT_LOC_STRINGS = YES;
				SWIFT_VERSION = 5.0;
				TARGETED_DEVICE_FAMILY = "1,2";
			};
			name = Debug;
		};
		02BC572429AA2D3600DD0BF7 /* Release */ = {
			isa = XCBuildConfiguration;
			buildSettings = {
				ASSETCATALOG_COMPILER_APPICON_NAME = AppIcon;
				ASSETCATALOG_COMPILER_GLOBAL_ACCENT_COLOR_NAME = AccentColor;
				CODE_SIGN_STYLE = Automatic;
				CURRENT_PROJECT_VERSION = 1;
				DEVELOPMENT_TEAM = 3LN657D9A9;
				GENERATE_INFOPLIST_FILE = YES;
				INFOPLIST_FILE = "First Core Data App/Info.plist";
				INFOPLIST_KEY_UIApplicationSupportsIndirectInputEvents = YES;
				INFOPLIST_KEY_UILaunchStoryboardName = LaunchScreen;
				INFOPLIST_KEY_UIMainStoryboardFile = Main;
				INFOPLIST_KEY_UISupportedInterfaceOrientations_iPad = "UIInterfaceOrientationPortrait UIInterfaceOrientationPortraitUpsideDown UIInterfaceOrientationLandscapeLeft UIInterfaceOrientationLandscapeRight";
				INFOPLIST_KEY_UISupportedInterfaceOrientations_iPhone = "UIInterfaceOrientationPortrait UIInterfaceOrientationLandscapeLeft UIInterfaceOrientationLandscapeRight";
				LD_RUNPATH_SEARCH_PATHS = (
					"$(inherited)",
					"@executable_path/Frameworks",
				);
				MARKETING_VERSION = 1.0;
				PRODUCT_BUNDLE_IDENTIFIER = "com.spreys.First-Core-Data-App";
				PRODUCT_NAME = "$(TARGET_NAME)";
				SWIFT_EMIT_LOC_STRINGS = YES;
				SWIFT_VERSION = 5.0;
				TARGETED_DEVICE_FAMILY = "1,2";
			};
			name = Release;
		};
/* End XCBuildConfiguration section */

/* Begin XCConfigurationList section */
		02BC570629AA2D2D00DD0BF7 /* Build configuration list for PBXProject "First Core Data App" */ = {
			isa = XCConfigurationList;
			buildConfigurations = (
				02BC572029AA2D3600DD0BF7 /* Debug */,
				02BC572129AA2D3600DD0BF7 /* Release */,
			);
			defaultConfigurationIsVisible = 0;
			defaultConfigurationName = Release;
		};
		02BC572229AA2D3600DD0BF7 /* Build configuration list for PBXNativeTarget "First Core Data App" */ = {
			isa = XCConfigurationList;
			buildConfigurations = (
				02BC572329AA2D3600DD0BF7 /* Debug */,
				02BC572429AA2D3600DD0BF7 /* Release */,
			);
			defaultConfigurationIsVisible = 0;
			defaultConfigurationName = Release;
		};
/* End XCConfigurationList section */

/* Begin XCVersionGroup section */
		02BC571729AA2D2E00DD0BF7 /* First_Core_Data_App.xcdatamodeld */ = {
			isa = XCVersionGroup;
			children = (
				02BC571829AA2D2E00DD0BF7 /* First_Core_Data_App.xcdatamodel */,
			);
			currentVersion = 02BC571829AA2D2E00DD0BF7 /* First_Core_Data_App.xcdatamodel */;
			path = First_Core_Data_App.xcdatamodeld;
			sourceTree = "<group>";
			versionGroupType = wrapper.xcdatamodel;
		};
/* End XCVersionGroup section */
	};
	rootObject = 02BC570329AA2D2D00DD0BF7 /* Project object */;
}
